// !$*UTF8*$!
{
	archiveVersion = 1;
	classes = {
	};
	objectVersion = 48;
	objects = {

/* Begin PBXBuildFile section */
		B1474A6E205BBA4D003D60DC /* AppDelegate.swift in Sources */ = {isa = PBXBuildFile; fileRef = B1474A6D205BBA4D003D60DC /* AppDelegate.swift */; };
		B1474A73205BBA4D003D60DC /* Main.storyboard in Resources */ = {isa = PBXBuildFile; fileRef = B1474A71205BBA4D003D60DC /* Main.storyboard */; };
		B1474A75205BBA4D003D60DC /* Assets.xcassets in Resources */ = {isa = PBXBuildFile; fileRef = B1474A74205BBA4D003D60DC /* Assets.xcassets */; };
		B1474A78205BBA4D003D60DC /* LaunchScreen.storyboard in Resources */ = {isa = PBXBuildFile; fileRef = B1474A76205BBA4D003D60DC /* LaunchScreen.storyboard */; };
		B1474A82205BCB5F003D60DC /* TopViewController.swift in Sources */ = {isa = PBXBuildFile; fileRef = B1474A81205BCB5F003D60DC /* TopViewController.swift */; };
		B1474A86205BFE03003D60DC /* PostViewController.swift in Sources */ = {isa = PBXBuildFile; fileRef = B1474A85205BFE03003D60DC /* PostViewController.swift */; };
		B1474A88205C082F003D60DC /* TabBarViewController.swift in Sources */ = {isa = PBXBuildFile; fileRef = B1474A87205C082F003D60DC /* TabBarViewController.swift */; };
/* End PBXBuildFile section */

/* Begin PBXFileReference section */
		B1474A6A205BBA4D003D60DC /* Post_it.app */ = {isa = PBXFileReference; explicitFileType = wrapper.application; includeInIndex = 0; path = Post_it.app; sourceTree = BUILT_PRODUCTS_DIR; };
		B1474A6D205BBA4D003D60DC /* AppDelegate.swift */ = {isa = PBXFileReference; lastKnownFileType = sourcecode.swift; path = AppDelegate.swift; sourceTree = "<group>"; };
		B1474A72205BBA4D003D60DC /* Base */ = {isa = PBXFileReference; lastKnownFileType = file.storyboard; name = Base; path = Base.lproj/Main.storyboard; sourceTree = "<group>"; };
		B1474A74205BBA4D003D60DC /* Assets.xcassets */ = {isa = PBXFileReference; lastKnownFileType = folder.assetcatalog; path = Assets.xcassets; sourceTree = "<group>"; };
		B1474A77205BBA4D003D60DC /* Base */ = {isa = PBXFileReference; lastKnownFileType = file.storyboard; name = Base; path = Base.lproj/LaunchScreen.storyboard; sourceTree = "<group>"; };
		B1474A79205BBA4D003D60DC /* Info.plist */ = {isa = PBXFileReference; lastKnownFileType = text.plist.xml; path = Info.plist; sourceTree = "<group>"; };
		B1474A81205BCB5F003D60DC /* TopViewController.swift */ = {isa = PBXFileReference; lastKnownFileType = sourcecode.swift; path = TopViewController.swift; sourceTree = "<group>"; };
		B1474A85205BFE03003D60DC /* PostViewController.swift */ = {isa = PBXFileReference; lastKnownFileType = sourcecode.swift; path = PostViewController.swift; sourceTree = "<group>"; };
		B1474A87205C082F003D60DC /* TabBarViewController.swift */ = {isa = PBXFileReference; lastKnownFileType = sourcecode.swift; path = TabBarViewController.swift; sourceTree = "<group>"; };
/* End PBXFileReference section */

/* Begin PBXFrameworksBuildPhase section */
		B1474A67205BBA4D003D60DC /* Frameworks */ = {
			isa = PBXFrameworksBuildPhase;
			buildActionMask = 2147483647;
			files = (
			);
			runOnlyForDeploymentPostprocessing = 0;
		};
/* End PBXFrameworksBuildPhase section */

/* Begin PBXGroup section */
		B1474A61205BBA4D003D60DC = {
			isa = PBXGroup;
			children = (
				B1474A6C205BBA4D003D60DC /* Post_it */,
				B1474A6B205BBA4D003D60DC /* Products */,
			);
			sourceTree = "<group>";
		};
		B1474A6B205BBA4D003D60DC /* Products */ = {
			isa = PBXGroup;
			children = (
				B1474A6A205BBA4D003D60DC /* Post_it.app */,
			);
			name = Products;
			sourceTree = "<group>";
		};
		B1474A6C205BBA4D003D60DC /* Post_it */ = {
			isa = PBXGroup;
			children = (
				B1474A6D205BBA4D003D60DC /* AppDelegate.swift */,
				B1474A81205BCB5F003D60DC /* TopViewController.swift */,
				B1474A71205BBA4D003D60DC /* Main.storyboard */,
				B1474A74205BBA4D003D60DC /* Assets.xcassets */,
				B1474A76205BBA4D003D60DC /* LaunchScreen.storyboard */,
				B1474A79205BBA4D003D60DC /* Info.plist */,
				B1474A85205BFE03003D60DC /* PostViewController.swift */,
				B1474A87205C082F003D60DC /* TabBarViewController.swift */,
			);
			path = Post_it;
			sourceTree = "<group>";
		};
/* End PBXGroup section */

/* Begin PBXNativeTarget section */
		B1474A69205BBA4D003D60DC /* Post_it */ = {
			isa = PBXNativeTarget;
			buildConfigurationList = B1474A7C205BBA4D003D60DC /* Build configuration list for PBXNativeTarget "Post_it" */;
			buildPhases = (
				B1474A66205BBA4D003D60DC /* Sources */,
				B1474A67205BBA4D003D60DC /* Frameworks */,
				B1474A68205BBA4D003D60DC /* Resources */,
			);
			buildRules = (
			);
			dependencies = (
			);
			name = Post_it;
			productName = Post_it;
			productReference = B1474A6A205BBA4D003D60DC /* Post_it.app */;
			productType = "com.apple.product-type.application";
		};
/* End PBXNativeTarget section */

/* Begin PBXProject section */
		B1474A62205BBA4D003D60DC /* Project object */ = {
			isa = PBXProject;
			attributes = {
				LastSwiftUpdateCheck = 0920;
				LastUpgradeCheck = 0920;
				ORGANIZATIONNAME = hideandseek.inc;
				TargetAttributes = {
					B1474A69205BBA4D003D60DC = {
						CreatedOnToolsVersion = 9.2;
						ProvisioningStyle = Automatic;
					};
				};
			};
			buildConfigurationList = B1474A65205BBA4D003D60DC /* Build configuration list for PBXProject "Post_it" */;
			compatibilityVersion = "Xcode 8.0";
			developmentRegion = en;
			hasScannedForEncodings = 0;
			knownRegions = (
				en,
				Base,
			);
			mainGroup = B1474A61205BBA4D003D60DC;
			productRefGroup = B1474A6B205BBA4D003D60DC /* Products */;
			projectDirPath = "";
			projectRoot = "";
			targets = (
				B1474A69205BBA4D003D60DC /* Post_it */,
			);
		};
/* End PBXProject section */

/* Begin PBXResourcesBuildPhase section */
		B1474A68205BBA4D003D60DC /* Resources */ = {
			isa = PBXResourcesBuildPhase;
			buildActionMask = 2147483647;
			files = (
				B1474A78205BBA4D003D60DC /* LaunchScreen.storyboard in Resources */,
				B1474A75205BBA4D003D60DC /* Assets.xcassets in Resources */,
				B1474A73205BBA4D003D60DC /* Main.storyboard in Resources */,
			);
			runOnlyForDeploymentPostprocessing = 0;
		};
/* End PBXResourcesBuildPhase section */

/* Begin PBXSourcesBuildPhase section */
		B1474A66205BBA4D003D60DC /* Sources */ = {
			isa = PBXSourcesBuildPhase;
			buildActionMask = 2147483647;
			files = (
				B1474A88205C082F003D60DC /* TabBarViewController.swift in Sources */,
				B1474A86205BFE03003D60DC /* PostViewController.swift in Sources */,
				B1474A82205BCB5F003D60DC /* TopViewController.swift in Sources */,
				B1474A6E205BBA4D003D60DC /* AppDelegate.swift in Sources */,
			);
			runOnlyForDeploymentPostprocessing = 0;
		};
/* End PBXSourcesBuildPhase section */

/* Begin PBXVariantGroup section */
		B1474A71205BBA4D003D60DC /* Main.storyboard */ = {
			isa = PBXVariantGroup;
			children = (
				B1474A72205BBA4D003D60DC /* Base */,
			);
			name = Main.storyboard;
			sourceTree = "<group>";
		};
		B1474A76205BBA4D003D60DC /* LaunchScreen.storyboard */ = {
			isa = PBXVariantGroup;
			children = (
				B1474A77205BBA4D003D60DC /* Base */,
			);
			name = LaunchScreen.storyboard;
			sourceTree = "<group>";
		};
/* End PBXVariantGroup section */

/* Begin XCBuildConfiguration section */
		B1474A7A205BBA4D003D60DC /* Debug */ = {
			isa = XCBuildConfiguration;
			buildSettings = {
				ALWAYS_SEARCH_USER_PATHS = NO;
				CLANG_ANALYZER_NONNULL = YES;
				CLANG_ANALYZER_NUMBER_OBJECT_CONVERSION = YES_AGGRESSIVE;
				CLANG_CXX_LANGUAGE_STANDARD = "gnu++14";
				CLANG_CXX_LIBRARY = "libc++";
				CLANG_ENABLE_MODULES = YES;
				CLANG_ENABLE_OBJC_ARC = YES;
				CLANG_WARN_BLOCK_CAPTURE_AUTORELEASING = YES;
				CLANG_WARN_BOOL_CONVERSION = YES;
				CLANG_WARN_COMMA = YES;
				CLANG_WARN_CONSTANT_CONVERSION = YES;
				CLANG_WARN_DIRECT_OBJC_ISA_USAGE = YES_ERROR;
				CLANG_WARN_DOCUMENTATION_COMMENTS = YES;
				CLANG_WARN_EMPTY_BODY = YES;
				CLANG_WARN_ENUM_CONVERSION = YES;
				CLANG_WARN_INFINITE_RECURSION = YES;
				CLANG_WARN_INT_CONVERSION = YES;
				CLANG_WARN_NON_LITERAL_NULL_CONVERSION = YES;
				CLANG_WARN_OBJC_LITERAL_CONVERSION = YES;
				CLANG_WARN_OBJC_ROOT_CLASS = YES_ERROR;
				CLANG_WARN_RANGE_LOOP_ANALYSIS = YES;
				CLANG_WARN_STRICT_PROTOTYPES = YES;
				CLANG_WARN_SUSPICIOUS_MOVE = YES;
				CLANG_WARN_UNGUARDED_AVAILABILITY = YES_AGGRESSIVE;
				CLANG_WARN_UNREACHABLE_CODE = YES;
				CLANG_WARN__DUPLICATE_METHOD_MATCH = YES;
				CODE_SIGN_IDENTITY = "iPhone Developer";
				COPY_PHASE_STRIP = NO;
				DEBUG_INFORMATION_FORMAT = dwarf;
				ENABLE_STRICT_OBJC_MSGSEND = YES;
				ENABLE_TESTABILITY = YES;
				GCC_C_LANGUAGE_STANDARD = gnu11;
				GCC_DYNAMIC_NO_PIC = NO;
				GCC_NO_COMMON_BLOCKS = YES;
				GCC_OPTIMIZATION_LEVEL = 0;
				GCC_PREPROCESSOR_DEFINITIONS = (
					"DEBUG=1",
					"$(inherited)",
				);
				GCC_WARN_64_TO_32_BIT_CONVERSION = YES;
				GCC_WARN_ABOUT_RETURN_TYPE = YES_ERROR;
				GCC_WARN_UNDECLARED_SELECTOR = YES;
				GCC_WARN_UNINITIALIZED_AUTOS = YES_AGGRESSIVE;
				GCC_WARN_UNUSED_FUNCTION = YES;
				GCC_WARN_UNUSED_VARIABLE = YES;
				IPHONEOS_DEPLOYMENT_TARGET = 11.2;
				MTL_ENABLE_DEBUG_INFO = YES;
				ONLY_ACTIVE_ARCH = YES;
				SDKROOT = iphoneos;
				SWIFT_ACTIVE_COMPILATION_CONDITIONS = DEBUG;
				SWIFT_OPTIMIZATION_LEVEL = "-Onone";
			};
			name = Debug;
		};
		B1474A7B205BBA4D003D60DC /* Release */ = {
			isa = XCBuildConfiguration;
			buildSettings = {
				ALWAYS_SEARCH_USER_PATHS = NO;
				CLANG_ANALYZER_NONNULL = YES;
				CLANG_ANALYZER_NUMBER_OBJECT_CONVERSION = YES_AGGRESSIVE;
				CLANG_CXX_LANGUAGE_STANDARD = "gnu++14";
				CLANG_CXX_LIBRARY = "libc++";
				CLANG_ENABLE_MODULES = YES;
				CLANG_ENABLE_OBJC_ARC = YES;
				CLANG_WARN_BLOCK_CAPTURE_AUTORELEASING = YES;
				CLANG_WARN_BOOL_CONVERSION = YES;
				CLANG_WARN_COMMA = YES;
				CLANG_WARN_CONSTANT_CONVERSION = YES;
				CLANG_WARN_DIRECT_OBJC_ISA_USAGE = YES_ERROR;
				CLANG_WARN_DOCUMENTATION_COMMENTS = YES;
				CLANG_WARN_EMPTY_BODY = YES;
				CLANG_WARN_ENUM_CONVERSION = YES;
				CLANG_WARN_INFINITE_RECURSION = YES;
				CLANG_WARN_INT_CONVERSION = YES;
				CLANG_WARN_NON_LITERAL_NULL_CONVERSION = YES;
				CLANG_WARN_OBJC_LITERAL_CONVERSION = YES;
				CLANG_WARN_OBJC_ROOT_CLASS = YES_ERROR;
				CLANG_WARN_RANGE_LOOP_ANALYSIS = YES;
				CLANG_WARN_STRICT_PROTOTYPES = YES;
				CLANG_WARN_SUSPICIOUS_MOVE = YES;
				CLANG_WARN_UNGUARDED_AVAILABILITY = YES_AGGRESSIVE;
				CLANG_WARN_UNREACHABLE_CODE = YES;
				CLANG_WARN__DUPLICATE_METHOD_MATCH = YES;
				CODE_SIGN_IDENTITY = "iPhone Developer";
				COPY_PHASE_STRIP = NO;
				DEBUG_INFORMATION_FORMAT = "dwarf-with-dsym";
				ENABLE_NS_ASSERTIONS = NO;
				ENABLE_STRICT_OBJC_MSGSEND = YES;
				GCC_C_LANGUAGE_STANDARD = gnu11;
				GCC_NO_COMMON_BLOCKS = YES;
				GCC_WARN_64_TO_32_BIT_CONVERSION = YES;
				GCC_WARN_ABOUT_RETURN_TYPE = YES_ERROR;
				GCC_WARN_UNDECLARED_SELECTOR = YES;
				GCC_WARN_UNINITIALIZED_AUTOS = YES_AGGRESSIVE;
				GCC_WARN_UNUSED_FUNCTION = YES;
				GCC_WARN_UNUSED_VARIABLE = YES;
				IPHONEOS_DEPLOYMENT_TARGET = 11.2;
				MTL_ENABLE_DEBUG_INFO = NO;
				SDKROOT = iphoneos;
				SWIFT_OPTIMIZATION_LEVEL = "-Owholemodule";
				VALIDATE_PRODUCT = YES;
			};
			name = Release;
		};
		B1474A7D205BBA4D003D60DC /* Debug */ = {
			isa = XCBuildConfiguration;
			buildSettings = {
				ASSETCATALOG_COMPILER_APPICON_NAME = AppIcon;
				CODE_SIGN_STYLE = Automatic;
				DEVELOPMENT_TEAM = 2B7VF7ANK2;
				INFOPLIST_FILE = Post_it/Info.plist;
				LD_RUNPATH_SEARCH_PATHS = "$(inherited) @executable_path/Frameworks";
				PRODUCT_BUNDLE_IDENTIFIER = "inc.hideandseek.Post-it";
				PRODUCT_NAME = "$(TARGET_NAME)";
				SWIFT_VERSION = 4.0;
				TARGETED_DEVICE_FAMILY = "1,2";
			};
			name = Debug;
		};
		B1474A7E205BBA4D003D60DC /* Release */ = {
			isa = XCBuildConfiguration;
			buildSettings = {
				ASSETCATALOG_COMPILER_APPICON_NAME = AppIcon;
				CODE_SIGN_STYLE = Automatic;
				DEVELOPMENT_TEAM = 2B7VF7ANK2;
				INFOPLIST_FILE = Post_it/Info.plist;
				LD_RUNPATH_SEARCH_PATHS = "$(inherited) @executable_path/Frameworks";
				PRODUCT_BUNDLE_IDENTIFIER = "inc.hideandseek.Post-it";
				PRODUCT_NAME = "$(TARGET_NAME)";
				SWIFT_VERSION = 4.0;
				TARGETED_DEVICE_FAMILY = "1,2";
			};
			name = Release;
		};
/* End XCBuildConfiguration section */

/* Begin XCConfigurationList section */
		B1474A65205BBA4D003D60DC /* Build configuration list for PBXProject "Post_it" */ = {
			isa = XCConfigurationList;
			buildConfigurations = (
				B1474A7A205BBA4D003D60DC /* Debug */,
				B1474A7B205BBA4D003D60DC /* Release */,
			);
			defaultConfigurationIsVisible = 0;
			defaultConfigurationName = Release;
		};
		B1474A7C205BBA4D003D60DC /* Build configuration list for PBXNativeTarget "Post_it" */ = {
			isa = XCConfigurationList;
			buildConfigurations = (
				B1474A7D205BBA4D003D60DC /* Debug */,
				B1474A7E205BBA4D003D60DC /* Release */,
			);
			defaultConfigurationIsVisible = 0;
			defaultConfigurationName = Release;
		};
/* End XCConfigurationList section */
	};
	rootObject = B1474A62205BBA4D003D60DC /* Project object */;
}
